
Microsoft Visual Studio Solution File, Format Version 12.00
# Visual Studio 2013
VisualStudioVersion = 12.0.31101.0
MinimumVisualStudioVersion = 10.0.40219.1
Project("{FAE04EC0-301F-11D3-BF4B-00C04F79EFBC}") = "ReversiMooieVersie20april2015", "ReversiMooieVersie20april2015\ReversiMooieVersie20april2015.csproj", "{C8F5FB71-E48A-4116-9CB7-0E232C84CCC0}"
EndProject
Project("{FAE04EC0-301F-11D3-BF4B-00C04F79EFBC}") = "Reversi.Logic", "Reversi.Logic\Reversi.Logic.csproj", "{FA0B7790-D7C9-4A99-A513-2E2781F30801}"
EndProject
Global
	GlobalSection(SolutionConfigurationPlatforms) = preSolution
		Debug|Any CPU = Debug|Any CPU
		Release|Any CPU = Release|Any CPU
	EndGlobalSection
	GlobalSection(ProjectConfigurationPlatforms) = postSolution
		{C8F5FB71-E48A-4116-9CB7-0E232C84CCC0}.Debug|Any CPU.ActiveCfg = Debug|Any CPU
		{C8F5FB71-E48A-4116-9CB7-0E232C84CCC0}.Debug|Any CPU.Build.0 = Debug|Any CPU
		{C8F5FB71-E48A-4116-9CB7-0E232C84CCC0}.Release|Any CPU.ActiveCfg = Release|Any CPU
		{C8F5FB71-E48A-4116-9CB7-0E232C84CCC0}.Release|Any CPU.Build.0 = Release|Any CPU
		{FA0B7790-D7C9-4A99-A513-2E2781F30801}.Debug|Any CPU.ActiveCfg = Debug|Any CPU
		{FA0B7790-D7C9-4A99-A513-2E2781F30801}.Debug|Any CPU.Build.0 = Debug|Any CPU
		{FA0B7790-D7C9-4A99-A513-2E2781F30801}.Release|Any CPU.ActiveCfg = Release|Any CPU
		{FA0B7790-D7C9-4A99-A513-2E2781F30801}.Release|Any CPU.Build.0 = Release|Any CPU
	EndGlobalSection
	GlobalSection(SolutionProperties) = preSolution
		HideSolutionNode = FALSE
	EndGlobalSection
EndGlobal
